
Microsoft Visual Studio Solution File, Format Version 12.00
# Visual Studio Version 16
VisualStudioVersion = 16.0.30128.74
MinimumVisualStudioVersion = 10.0.40219.1
Project("{FAE04EC0-301F-11D3-BF4B-00C04F79EFBC}") = "EmployeesSampleApp", "EmployeesSampleApp\EmployeesSampleApp.csproj", "{FB8B7ACE-69AA-4893-8B6C-1A2754D8A08C}"
EndProject
Project("{FAE04EC0-301F-11D3-BF4B-00C04F79EFBC}") = "DataBaseHelper", "DataBaseHelper\DataBaseHelper.csproj", "{BF22CF8B-E865-4BCA-B046-82332E6071AF}"
EndProject
Project("{FAE04EC0-301F-11D3-BF4B-00C04F79EFBC}") = "Employee.Repository", "Employee.Repository\Employee.Repository.csproj", "{3B98976D-96EF-4291-A3A2-7DE0B275A008}"
EndProject
Global
	GlobalSection(SolutionConfigurationPlatforms) = preSolution
		Debug|Any CPU = Debug|Any CPU
		Release|Any CPU = Release|Any CPU
	EndGlobalSection
	GlobalSection(ProjectConfigurationPlatforms) = postSolution
		{FB8B7ACE-69AA-4893-8B6C-1A2754D8A08C}.Debug|Any CPU.ActiveCfg = Debug|Any CPU
		{FB8B7ACE-69AA-4893-8B6C-1A2754D8A08C}.Debug|Any CPU.Build.0 = Debug|Any CPU
		{FB8B7ACE-69AA-4893-8B6C-1A2754D8A08C}.Release|Any CPU.ActiveCfg = Release|Any CPU
		{FB8B7ACE-69AA-4893-8B6C-1A2754D8A08C}.Release|Any CPU.Build.0 = Release|Any CPU
		{BF22CF8B-E865-4BCA-B046-82332E6071AF}.Debug|Any CPU.ActiveCfg = Debug|Any CPU
		{BF22CF8B-E865-4BCA-B046-82332E6071AF}.Debug|Any CPU.Build.0 = Debug|Any CPU
		{BF22CF8B-E865-4BCA-B046-82332E6071AF}.Release|Any CPU.ActiveCfg = Release|Any CPU
		{BF22CF8B-E865-4BCA-B046-82332E6071AF}.Release|Any CPU.Build.0 = Release|Any CPU
		{3B98976D-96EF-4291-A3A2-7DE0B275A008}.Debug|Any CPU.ActiveCfg = Debug|Any CPU
		{3B98976D-96EF-4291-A3A2-7DE0B275A008}.Debug|Any CPU.Build.0 = Debug|Any CPU
		{3B98976D-96EF-4291-A3A2-7DE0B275A008}.Release|Any CPU.ActiveCfg = Release|Any CPU
		{3B98976D-96EF-4291-A3A2-7DE0B275A008}.Release|Any CPU.Build.0 = Release|Any CPU
	EndGlobalSection
	GlobalSection(SolutionProperties) = preSolution
		HideSolutionNode = FALSE
	EndGlobalSection
	GlobalSection(ExtensibilityGlobals) = postSolution
		SolutionGuid = {39F0F1DA-6C26-42C4-BD88-7BBB70C440DD}
	EndGlobalSection
EndGlobal
